
Microsoft Visual Studio Solution File, Format Version 12.00
# Visual Studio Version 17
VisualStudioVersion = 17.5.33627.172
MinimumVisualStudioVersion = 10.0.40219.1
Project("{9A19103F-16F7-4668-BE54-9A1E7A4F7556}") = "OtobusYonetimSistemi", "OtobusYonetimSistemi\OtobusYonetimSistemi.csproj", "{1EC00EAD-E1BD-4357-8189-275F4452F9B5}"
EndProject
Project("{9A19103F-16F7-4668-BE54-9A1E7A4F7556}") = "VeriYapilari", "VeriYapilari\VeriYapilari.csproj", "{5B20A81B-9845-40F4-B1C2-9730AF79A06E}"
EndProject
Project("{FAE04EC0-301F-11D3-BF4B-00C04F79EFBC}") = "TestAlani", "TestAlani\TestAlani.csproj", "{508E53F6-235F-45E2-AA96-851DB42BD72B}"
EndProject
Global
	GlobalSection(SolutionConfigurationPlatforms) = preSolution
		Debug|Any CPU = Debug|Any CPU
		Release|Any CPU = Release|Any CPU
	EndGlobalSection
	GlobalSection(ProjectConfigurationPlatforms) = postSolution
		{1EC00EAD-E1BD-4357-8189-275F4452F9B5}.Debug|Any CPU.ActiveCfg = Debug|Any CPU
		{1EC00EAD-E1BD-4357-8189-275F4452F9B5}.Debug|Any CPU.Build.0 = Debug|Any CPU
		{1EC00EAD-E1BD-4357-8189-275F4452F9B5}.Release|Any CPU.ActiveCfg = Release|Any CPU
		{1EC00EAD-E1BD-4357-8189-275F4452F9B5}.Release|Any CPU.Build.0 = Release|Any CPU
		{5B20A81B-9845-40F4-B1C2-9730AF79A06E}.Debug|Any CPU.ActiveCfg = Debug|Any CPU
		{5B20A81B-9845-40F4-B1C2-9730AF79A06E}.Debug|Any CPU.Build.0 = Debug|Any CPU
		{5B20A81B-9845-40F4-B1C2-9730AF79A06E}.Release|Any CPU.ActiveCfg = Release|Any CPU
		{5B20A81B-9845-40F4-B1C2-9730AF79A06E}.Release|Any CPU.Build.0 = Release|Any CPU
		{508E53F6-235F-45E2-AA96-851DB42BD72B}.Debug|Any CPU.ActiveCfg = Debug|Any CPU
		{508E53F6-235F-45E2-AA96-851DB42BD72B}.Debug|Any CPU.Build.0 = Debug|Any CPU
		{508E53F6-235F-45E2-AA96-851DB42BD72B}.Release|Any CPU.ActiveCfg = Release|Any CPU
		{508E53F6-235F-45E2-AA96-851DB42BD72B}.Release|Any CPU.Build.0 = Release|Any CPU
	EndGlobalSection
	GlobalSection(SolutionProperties) = preSolution
		HideSolutionNode = FALSE
	EndGlobalSection
	GlobalSection(ExtensibilityGlobals) = postSolution
		SolutionGuid = {B97EC6A1-D554-4BAB-AAD4-A957C0148315}
	EndGlobalSection
EndGlobal
