
Microsoft Visual Studio Solution File, Format Version 12.00
# Visual Studio Version 17
VisualStudioVersion = 17.3.32901.215
MinimumVisualStudioVersion = 10.0.40219.1
Project("{FAE04EC0-301F-11D3-BF4B-00C04F79EFBC}") = "OnlineSatisPlatformu", "OnlineSatisPlatformu\OnlineSatisPlatformu.csproj", "{E8530AC0-1600-4C04-875B-A4DE365881EC}"
EndProject
Global
	GlobalSection(SolutionConfigurationPlatforms) = preSolution
		Debug|Any CPU = Debug|Any CPU
		Release|Any CPU = Release|Any CPU
	EndGlobalSection
	GlobalSection(ProjectConfigurationPlatforms) = postSolution
		{E8530AC0-1600-4C04-875B-A4DE365881EC}.Debug|Any CPU.ActiveCfg = Debug|Any CPU
		{E8530AC0-1600-4C04-875B-A4DE365881EC}.Debug|Any CPU.Build.0 = Debug|Any CPU
		{E8530AC0-1600-4C04-875B-A4DE365881EC}.Release|Any CPU.ActiveCfg = Release|Any CPU
		{E8530AC0-1600-4C04-875B-A4DE365881EC}.Release|Any CPU.Build.0 = Release|Any CPU
	EndGlobalSection
	GlobalSection(SolutionProperties) = preSolution
		HideSolutionNode = FALSE
	EndGlobalSection
	GlobalSection(ExtensibilityGlobals) = postSolution
		SolutionGuid = {F8060477-3BEB-4F14-8F1F-B99724ECFD5E}
	EndGlobalSection
EndGlobal
